
Microsoft Visual Studio Solution File, Format Version 12.00
# Visual Studio Version 17
VisualStudioVersion = 17.13.35806.99
MinimumVisualStudioVersion = 10.0.40219.1
Project("{FAE04EC0-301F-11D3-BF4B-00C04F79EFBC}") = "NpcFactory", "NpcFactory\NpcFactory.csproj", "{C881DEC8-9E1D-4240-A9D9-C0819B6DF934}"
EndProject
Global
	GlobalSection(SolutionConfigurationPlatforms) = preSolution
		Debug|Any CPU = Debug|Any CPU
		Release|Any CPU = Release|Any CPU
	EndGlobalSection
	GlobalSection(ProjectConfigurationPlatforms) = postSolution
		{C881DEC8-9E1D-4240-A9D9-C0819B6DF934}.Debug|Any CPU.ActiveCfg = Debug|Any CPU
		{C881DEC8-9E1D-4240-A9D9-C0819B6DF934}.Debug|Any CPU.Build.0 = Debug|Any CPU
		{C881DEC8-9E1D-4240-A9D9-C0819B6DF934}.Release|Any CPU.ActiveCfg = Release|Any CPU
		{C881DEC8-9E1D-4240-A9D9-C0819B6DF934}.Release|Any CPU.Build.0 = Release|Any CPU
	EndGlobalSection
	GlobalSection(SolutionProperties) = preSolution
		HideSolutionNode = FALSE
	EndGlobalSection
	GlobalSection(ExtensibilityGlobals) = postSolution
		SolutionGuid = {633887F3-C305-47A4-AC5F-2320AEDC2383}
	EndGlobalSection
EndGlobal
